
Microsoft Visual Studio Solution File, Format Version 12.00
# Visual Studio Version 17
VisualStudioVersion = 17.3.32825.248
MinimumVisualStudioVersion = 10.0.40219.1
Project("{9A19103F-16F7-4668-BE54-9A1E7A4F7556}") = "RazorPizza", "RazorPizza\RazorPizza.csproj", "{F6D87E7A-B7C7-4796-879E-80D331C6E5C9}"
EndProject
Global
	GlobalSection(SolutionConfigurationPlatforms) = preSolution
		Debug|Any CPU = Debug|Any CPU
		Release|Any CPU = Release|Any CPU
	EndGlobalSection
	GlobalSection(ProjectConfigurationPlatforms) = postSolution
		{F6D87E7A-B7C7-4796-879E-80D331C6E5C9}.Debug|Any CPU.ActiveCfg = Debug|Any CPU
		{F6D87E7A-B7C7-4796-879E-80D331C6E5C9}.Debug|Any CPU.Build.0 = Debug|Any CPU
		{F6D87E7A-B7C7-4796-879E-80D331C6E5C9}.Release|Any CPU.ActiveCfg = Release|Any CPU
		{F6D87E7A-B7C7-4796-879E-80D331C6E5C9}.Release|Any CPU.Build.0 = Release|Any CPU
	EndGlobalSection
	GlobalSection(SolutionProperties) = preSolution
		HideSolutionNode = FALSE
	EndGlobalSection
	GlobalSection(ExtensibilityGlobals) = postSolution
		SolutionGuid = {B45324B3-2F4A-4A0D-A7F8-F4DB2B07FDDF}
	EndGlobalSection
EndGlobal
